# Generated by pub
# See https://dart.dev/tools/pub/glossary#lockfile
packages:
  android_device_id_generator:
    dependency: transitive
    description:
      name: android_device_id_generator
      url: "https://pub.dartlang.org"
    source: hosted
    version: "0.1.1"
  async:
    dependency: transitive
    description:
      name: async
      url: "https://pub.dartlang.org"
    source: hosted
    version: "2.8.2"
  bloc:
    dependency: transitive
    description:
      name: bloc
      url: "https://pub.dartlang.org"
    source: hosted
    version: "8.0.3"
  blowfish_ecb:
    dependency: transitive
    description:
      name: blowfish_ecb
      url: "https://pub.dartlang.org"
    source: hosted
    version: "0.1.0"
  characters:
    dependency: transitive
    description:
      name: characters
      url: "https://pub.dartlang.org"
    source: hosted
    version: "1.2.0"
  charcode:
    dependency: transitive
    description:
      name: charcode
      url: "https://pub.dartlang.org"
    source: hosted
    version: "1.3.1"
  collection:
    dependency: transitive
    description:
      name: collection
      url: "https://pub.dartlang.org"
    source: hosted
    version: "1.16.0"
  crypto:
    dependency: transitive
    description:
      name: crypto
      url: "https://pub.dartlang.org"
    source: hosted
    version: "3.0.2"
  flutter:
    dependency: "direct main"
    description: flutter
    source: sdk
    version: "0.0.0"
  flutter_bloc:
    dependency: transitive
    description:
      name: flutter_bloc
      url: "https://pub.dartlang.org"
    source: hosted
    version: "8.0.1"
  flutter_highlight:
    dependency: transitive
    description:
      path: flutter_highlight
      ref: b5e7de8bc95f4e8e30534d7b1da5b41979caab01
      resolved-ref: b5e7de8bc95f4e8e30534d7b1da5b41979caab01
      url: "https://github.com/shreyas1599/highlight.dart.git"
    source: git
    version: "0.7.0"
  freezed_annotation:
    dependency: transitive
    description:
      name: freezed_annotation
      url: "https://pub.dartlang.org"
    source: hosted
    version: "2.0.3"
  highlight:
    dependency: transitive
    description:
      name: highlight
      url: "https://pub.dartlang.org"
    source: hosted
    version: "0.7.0"
  http:
    dependency: transitive
    description:
      name: http
      url: "https://pub.dartlang.org"
    source: hosted
    version: "0.13.4"
  http_parser:
    dependency: transitive
    description:
      name: http_parser
      url: "https://pub.dartlang.org"
    source: hosted
    version: "4.0.1"
  iapetus:
    dependency: transitive
    description:
      path: "../iapetus"
      relative: true
    source: path
    version: "0.1.0"
  json_annotation:
    dependency: transitive
    description:
      name: json_annotation
      url: "https://pub.dartlang.org"
    source: hosted
    version: "4.5.0"
  json_view:
    dependency: transitive
    description:
      name: json_view
      url: "https://pub.dartlang.org"
    source: hosted
    version: "0.4.0"
  lint:
    dependency: "direct dev"
    description:
      name: lint
      url: "https://pub.dartlang.org"
    source: hosted
    version: "1.8.2"
  logging:
    dependency: transitive
    description:
      name: logging
      url: "https://pub.dartlang.org"
    source: hosted
    version: "1.0.2"
  material_color_utilities:
    dependency: transitive
    description:
      name: material_color_utilities
      url: "https://pub.dartlang.org"
    source: hosted
    version: "0.1.4"
  meta:
    dependency: "direct overridden"
    description:
      name: meta
      url: "https://pub.dartlang.org"
    source: hosted
    version: "1.7.0"
  mitmproxy_ri_client:
    dependency: transitive
    description:
      path: "."
      ref: "8b23a897d4d39a09faa50b362a27d8fcc816ce3d"
      resolved-ref: "8b23a897d4d39a09faa50b362a27d8fcc816ce3d"
      url: "https://github.com/hacker1024/mitmproxy_ri_client.dart.git"
    source: git
    version: "0.1.0"
  multi_split_view:
    dependency: transitive
    description:
      name: multi_split_view
      url: "https://pub.dartlang.org"
    source: hosted
    version: "2.1.0"
  nested:
    dependency: transitive
    description:
      name: nested
      url: "https://pub.dartlang.org"
    source: hosted
    version: "1.0.0"
  notifying_list:
    dependency: transitive
    description:
      path: "."
      ref: "987055f17a74f06217d499145eb8e858cd35539f"
      resolved-ref: "987055f17a74f06217d499145eb8e858cd35539f"
      url: "https://github.com/hacker1024/notifying_list.dart.git"
    source: git
    version: "0.1.0"
  pandora_mitm:
    dependency: transitive
    description:
      path: "../pandora_mitm"
      relative: true
    source: path
    version: "0.1.0"
  pandora_mitm_gui_core:
    dependency: "direct main"
    description:
      path: "../pandora_mitm_gui_core"
      relative: true
    source: path
    version: "0.1.0"
  path:
    dependency: transitive
    description:
      name: path
      url: "https://pub.dartlang.org"
    source: hosted
    version: "1.8.1"
  popup_menu_title:
    dependency: transitive
    description:
      name: popup_menu_title
      url: "https://pub.dartlang.org"
    source: hosted
    version: "1.1.0-nullsafety.1"
  provider:
    dependency: transitive
    description:
      name: provider
      url: "https://pub.dartlang.org"
    source: hosted
    version: "6.0.3"
  sky_engine:
    dependency: transitive
    description: flutter
    source: sdk
    version: "0.0.99"
  source_span:
    dependency: transitive
    description:
      name: source_span
      url: "https://pub.dartlang.org"
    source: hosted
    version: "1.8.2"
  string_scanner:
    dependency: transitive
    description:
      name: string_scanner
      url: "https://pub.dartlang.org"
    source: hosted
    version: "1.1.0"
  term_glyph:
    dependency: transitive
    description:
      name: term_glyph
      url: "https://pub.dartlang.org"
    source: hosted
    version: "1.2.0"
  typed_data:
    dependency: transitive
    description:
      name: typed_data
      url: "https://pub.dartlang.org"
    source: hosted
    version: "1.3.1"
  uuid:
    dependency: transitive
    description:
      name: uuid
      url: "https://pub.dartlang.org"
    source: hosted
    version: "3.0.6"
  vector_math:
    dependency: transitive
    description:
      name: vector_math
      url: "https://pub.dartlang.org"
    source: hosted
    version: "2.1.2"
sdks:
  dart: ">=2.17.0 <3.0.0"
  flutter: ">=1.24.0-10.2.pre"
